{
  "name": "list-toolkit",
  "version": "2.3.0",
  "lockfileVersion": 3,
  "requires": true,
  "packages": {
    "": {
      "name": "list-toolkit",
      "version": "2.3.0",
      "license": "BSD-3-Clause",
      "devDependencies": {
        "nano-benchmark": "^1.0.10",
        "prettier": "^3.8.1",
        "tape-six": "^1.7.2",
        "tape-six-proc": "^1.2.3",
        "typescript": "^5.9.3"
      },
      "funding": {
        "url": "https://github.com/sponsors/uhop"
      }
    },
    "node_modules/console-toolkit": {
      "version": "1.2.11",
      "resolved": "https://registry.npmjs.org/console-toolkit/-/console-toolkit-1.2.11.tgz",
      "integrity": "sha512-vjvXwsuJBo1YnWiFk2uxfJhNP2b9w8vY0Y/7wubw8P5krDnZW6De6JzmIWrUYPR1icF0PhxbBnF1nXKY1HecWw==",
      "dev": true,
      "license": "BSD-3-Clause",
      "funding": {
        "type": "github",
        "url": "https://github.com/sponsors/uhop"
      }
    },
    "node_modules/dollar-shell": {
      "version": "1.1.9",
      "resolved": "https://registry.npmjs.org/dollar-shell/-/dollar-shell-1.1.9.tgz",
      "integrity": "sha512-QYp/3Yu36etZ9uozZ028/V462wrykR9ez3mfcs7FaIWx1Iy36GnzSuUbIcnmI2YFh4IVf/JRgE0jW8dD0H5Bvw==",
      "dev": true,
      "license": "BSD-3-Clause",
      "funding": {
        "type": "github",
        "url": "https://github.com/sponsors/uhop"
      }
    },
    "node_modules/nano-benchmark": {
      "version": "1.0.10",
      "resolved": "https://registry.npmjs.org/nano-benchmark/-/nano-benchmark-1.0.10.tgz",
      "integrity": "sha512-dzwFOZV3zKGf3kj9QVRdNjn3tEbc/PL/W01X33kKitGaqKQJUkqFjJaXU9amW3NKokvUXzzooQPiFNHNMu2Shg==",
      "dev": true,
      "license": "BSD-3-Clause",
      "dependencies": {
        "commander": "^14.0.3",
        "console-toolkit": "^1.2.11"
      },
      "bin": {
        "nano-bench": "bin/nano-bench.js",
        "nano-watch": "bin/nano-watch.js"
      },
      "funding": {
        "type": "github",
        "url": "https://github.com/sponsors/uhop"
      }
    },
    "node_modules/nano-benchmark/node_modules/commander": {
      "version": "14.0.3",
      "resolved": "https://registry.npmjs.org/commander/-/commander-14.0.3.tgz",
      "integrity": "sha512-H+y0Jo/T1RZ9qPP4Eh1pkcQcLRglraJaSLoyOtHxu6AapkjWVCy2Sit1QQ4x3Dng8qDlSsZEet7g5Pq06MvTgw==",
      "dev": true,
      "license": "MIT",
      "engines": {
        "node": ">=20"
      }
    },
    "node_modules/prettier": {
      "version": "3.8.1",
      "resolved": "https://registry.npmjs.org/prettier/-/prettier-3.8.1.tgz",
      "integrity": "sha512-UOnG6LftzbdaHZcKoPFtOcCKztrQ57WkHDeRD9t/PTQtmT0NHSeWWepj6pS0z/N7+08BHFDQVUrfmfMRcZwbMg==",
      "dev": true,
      "license": "MIT",
      "bin": {
        "prettier": "bin/prettier.cjs"
      },
      "engines": {
        "node": ">=14"
      },
      "funding": {
        "url": "https://github.com/prettier/prettier?sponsor=1"
      }
    },
    "node_modules/tape-six": {
      "version": "1.7.6",
      "resolved": "https://registry.npmjs.org/tape-six/-/tape-six-1.7.6.tgz",
      "integrity": "sha512-NErqI9lMOcYuGFdei0QctfzbBN3eHCOm76CmtzhhQlhiTUcKfIse3fnLRvFBEyu1vTq0FY5bEMGRtQCmoRfFjw==",
      "dev": true,
      "license": "BSD-3-Clause",
      "bin": {
        "tape6": "bin/tape6.js",
        "tape6-bun": "bin/tape6-bun.js",
        "tape6-deno": "bin/tape6-deno.js",
        "tape6-node": "bin/tape6-node.js",
        "tape6-runner": "bin/tape6-runner.js",
        "tape6-seq": "bin/tape6-seq.js",
        "tape6-server": "bin/tape6-server.js"
      },
      "funding": {
        "url": "https://github.com/sponsors/uhop"
      }
    },
    "node_modules/tape-six-proc": {
      "version": "1.2.3",
      "resolved": "https://registry.npmjs.org/tape-six-proc/-/tape-six-proc-1.2.3.tgz",
      "integrity": "sha512-yG3EnpYJii8UzH0lgGXgT/1wHRNi2q5UvFNXDOFMMPiNb22tiZlxJGzxEzkyzktxe/V3pJvzv2C0o8+vVS24XQ==",
      "dev": true,
      "license": "BSD-3-Clause",
      "dependencies": {
        "dollar-shell": "^1.1.9",
        "tape-six": "^1.7.2"
      },
      "bin": {
        "tape6-proc": "bin/tape6-proc.js"
      },
      "funding": {
        "url": "https://github.com/sponsors/uhop"
      }
    },
    "node_modules/typescript": {
      "version": "5.9.3",
      "resolved": "https://registry.npmjs.org/typescript/-/typescript-5.9.3.tgz",
      "integrity": "sha512-jl1vZzPDinLr9eUt3J/t7V6FgNEw9QjvBPdysz9KfQDD41fQrC2Y4vKQdiaUpFT4bXlb1RHhLpp8wtm6M5TgSw==",
      "dev": true,
      "license": "Apache-2.0",
      "bin": {
        "tsc": "bin/tsc",
        "tsserver": "bin/tsserver"
      },
      "engines": {
        "node": ">=14.17"
      }
    }
  }
}
